{
  "name": "@bitwarden/desktop",
  "version": "2023.12.2",
  "lockfileVersion": 3,
  "requires": true,
  "packages": {
    "": {
      "name": "@bitwarden/desktop",
      "version": "2023.12.2",
      "license": "GPL-3.0",
      "dependencies": {
        "@bitwarden/desktop-native": "file:../desktop_native"
      }
    },
    "../desktop_native": {
      "version": "0.1.0",
      "license": "GPL-3.0",
      "devDependencies": {
        "@napi-rs/cli": "2.14.8"
      }
    },
    "node_modules/@bitwarden/desktop-native": {
      "resolved": "../desktop_native",
      "link": true
    }
  }
}
