{
  "name": "@bitwarden/desktop",
  "version": "2022.11.0",
  "lockfileVersion": 2,
  "requires": true,
  "packages": {
    "": {
      "name": "@bitwarden/desktop",
      "version": "2022.11.0",
      "license": "GPL-3.0",
      "dependencies": {
        "@bitwarden/desktop-native": "file:../desktop_native"
      }
    },
    "../desktop_native": {
      "name": "@bitwarden/desktop-native",
      "version": "0.1.0",
      "license": "GPL-3.0",
      "devDependencies": {
        "@napi-rs/cli": "^2.6.2"
      }
    },
    "../desktop_native/node_modules/@napi-rs/cli": {
      "version": "2.6.2",
      "dev": true,
      "license": "MIT",
      "bin": {
        "napi": "scripts/index.js"
      },
      "engines": {
        "node": ">= 10"
      },
      "funding": {
        "type": "github",
        "url": "https://github.com/sponsors/Brooooooklyn"
      }
    },
    "node_modules/@bitwarden/desktop-native": {
      "resolved": "../desktop_native",
      "link": true
    }
  },
  "dependencies": {
    "@bitwarden/desktop-native": {
      "version": "file:../desktop_native",
      "requires": {
        "@napi-rs/cli": "^2.6.2"
      },
      "dependencies": {
        "@napi-rs/cli": {
          "version": "2.6.2",
          "dev": true
        }
      }
    }
  }
}
