{
  "name": "@bitwarden/jslib",
  "version": "0.0.0",
  "lockfileVersion": 2,
  "requires": true,
  "packages": {
    "": {
      "name": "@bitwarden/jslib",
      "version": "0.0.0",
      "license": "GPL-3.0",
      "dependencies": {
        "@bitwarden/jslib-angular": "file:angular",
        "@bitwarden/jslib-common": "file:common",
        "@bitwarden/jslib-electron": "file:electron",
        "@bitwarden/jslib-node": "file:node"
      }
    },
    "angular": {
      "version": "0.0.0",
      "license": "GPL-3.0",
      "dependencies": {
        "@bitwarden/jslib-common": "file:../common"
      }
    },
    "common": {
      "version": "0.0.0",
      "license": "GPL-3.0"
    },
    "electron": {
      "version": "0.0.0",
      "license": "GPL-3.0",
      "dependencies": {
        "@bitwarden/jslib-common": "file:../common"
      }
    },
    "node": {
      "version": "0.0.0",
      "license": "GPL-3.0",
      "dependencies": {
        "@bitwarden/jslib-common": "file:../common"
      }
    },
    "node_modules/@bitwarden/jslib-angular": {
      "resolved": "angular",
      "link": true
    },
    "node_modules/@bitwarden/jslib-common": {
      "resolved": "common",
      "link": true
    },
    "node_modules/@bitwarden/jslib-electron": {
      "resolved": "electron",
      "link": true
    },
    "node_modules/@bitwarden/jslib-node": {
      "resolved": "node",
      "link": true
    }
  },
  "dependencies": {
    "@bitwarden/jslib-angular": {
      "version": "file:angular",
      "requires": {
        "@bitwarden/jslib-common": "file:../common"
      }
    },
    "@bitwarden/jslib-common": {
      "version": "file:common"
    },
    "@bitwarden/jslib-electron": {
      "version": "file:electron",
      "requires": {
        "@bitwarden/jslib-common": "file:../common"
      }
    },
    "@bitwarden/jslib-node": {
      "version": "file:node",
      "requires": {
        "@bitwarden/jslib-common": "file:../common"
      }
    }
  }
}
